// !$*UTF8*$!
{
	archiveVersion = 1;
	classes = {
	};
	objectVersion = 50;
	objects = {

/* Begin PBXBuildFile section */
		B278EE5921458EB3003606F3 /* AppDelegate.swift in Sources */ = {isa = PBXBuildFile; fileRef = B278EE5821458EB3003606F3 /* AppDelegate.swift */; };
		B278EE5B21458EB3003606F3 /* GameScene.sks in Resources */ = {isa = PBXBuildFile; fileRef = B278EE5A21458EB3003606F3 /* GameScene.sks */; };
		B278EE5D21458EB3003606F3 /* Actions.sks in Resources */ = {isa = PBXBuildFile; fileRef = B278EE5C21458EB3003606F3 /* Actions.sks */; };
		B278EE5F21458EB3003606F3 /* GameScene.swift in Sources */ = {isa = PBXBuildFile; fileRef = B278EE5E21458EB3003606F3 /* GameScene.swift */; };
		B278EE6121458EB3003606F3 /* GameViewController.swift in Sources */ = {isa = PBXBuildFile; fileRef = B278EE6021458EB3003606F3 /* GameViewController.swift */; };
		B278EE6421458EB3003606F3 /* Main.storyboard in Resources */ = {isa = PBXBuildFile; fileRef = B278EE6221458EB3003606F3 /* Main.storyboard */; };
		B278EE6621458EB4003606F3 /* Assets.xcassets in Resources */ = {isa = PBXBuildFile; fileRef = B278EE6521458EB4003606F3 /* Assets.xcassets */; };
		B278EE6921458EB4003606F3 /* LaunchScreen.storyboard in Resources */ = {isa = PBXBuildFile; fileRef = B278EE6721458EB4003606F3 /* LaunchScreen.storyboard */; };
/* End PBXBuildFile section */

/* Begin PBXFileReference section */
		B278EE5521458EB3003606F3 /* SKTest.app */ = {isa = PBXFileReference; explicitFileType = wrapper.application; includeInIndex = 0; path = SKTest.app; sourceTree = BUILT_PRODUCTS_DIR; };
		B278EE5821458EB3003606F3 /* AppDelegate.swift */ = {isa = PBXFileReference; lastKnownFileType = sourcecode.swift; path = AppDelegate.swift; sourceTree = "<group>"; };
		B278EE5A21458EB3003606F3 /* GameScene.sks */ = {isa = PBXFileReference; lastKnownFileType = file.sks; path = GameScene.sks; sourceTree = "<group>"; };
		B278EE5C21458EB3003606F3 /* Actions.sks */ = {isa = PBXFileReference; lastKnownFileType = file.sks; path = Actions.sks; sourceTree = "<group>"; };
		B278EE5E21458EB3003606F3 /* GameScene.swift */ = {isa = PBXFileReference; lastKnownFileType = sourcecode.swift; path = GameScene.swift; sourceTree = "<group>"; };
		B278EE6021458EB3003606F3 /* GameViewController.swift */ = {isa = PBXFileReference; lastKnownFileType = sourcecode.swift; path = GameViewController.swift; sourceTree = "<group>"; };
		B278EE6321458EB3003606F3 /* Base */ = {isa = PBXFileReference; lastKnownFileType = file.storyboard; name = Base; path = Base.lproj/Main.storyboard; sourceTree = "<group>"; };
		B278EE6521458EB4003606F3 /* Assets.xcassets */ = {isa = PBXFileReference; lastKnownFileType = folder.assetcatalog; path = Assets.xcassets; sourceTree = "<group>"; };
		B278EE6821458EB4003606F3 /* Base */ = {isa = PBXFileReference; lastKnownFileType = file.storyboard; name = Base; path = Base.lproj/LaunchScreen.storyboard; sourceTree = "<group>"; };
		B278EE6A21458EB4003606F3 /* Info.plist */ = {isa = PBXFileReference; lastKnownFileType = text.plist.xml; path = Info.plist; sourceTree = "<group>"; };
/* End PBXFileReference section */

/* Begin PBXFrameworksBuildPhase section */
		B278EE5221458EB3003606F3 /* Frameworks */ = {
			isa = PBXFrameworksBuildPhase;
			buildActionMask = 2147483647;
			files = (
			);
			runOnlyForDeploymentPostprocessing = 0;
		};
/* End PBXFrameworksBuildPhase section */

/* Begin PBXGroup section */
		B278EE4C21458EB3003606F3 = {
			isa = PBXGroup;
			children = (
				B278EE5721458EB3003606F3 /* SKTest */,
				B278EE5621458EB3003606F3 /* Products */,
			);
			sourceTree = "<group>";
		};
		B278EE5621458EB3003606F3 /* Products */ = {
			isa = PBXGroup;
			children = (
				B278EE5521458EB3003606F3 /* SKTest.app */,
			);
			name = Products;
			sourceTree = "<group>";
		};
		B278EE5721458EB3003606F3 /* SKTest */ = {
			isa = PBXGroup;
			children = (
				B278EE5821458EB3003606F3 /* AppDelegate.swift */,
				B278EE5A21458EB3003606F3 /* GameScene.sks */,
				B278EE5C21458EB3003606F3 /* Actions.sks */,
				B278EE5E21458EB3003606F3 /* GameScene.swift */,
				B278EE6021458EB3003606F3 /* GameViewController.swift */,
				B278EE6221458EB3003606F3 /* Main.storyboard */,
				B278EE6521458EB4003606F3 /* Assets.xcassets */,
				B278EE6721458EB4003606F3 /* LaunchScreen.storyboard */,
				B278EE6A21458EB4003606F3 /* Info.plist */,
			);
			path = SKTest;
			sourceTree = "<group>";
		};
/* End PBXGroup section */

/* Begin PBXNativeTarget section */
		B278EE5421458EB3003606F3 /* SKTest */ = {
			isa = PBXNativeTarget;
			buildConfigurationList = B278EE6D21458EB4003606F3 /* Build configuration list for PBXNativeTarget "SKTest" */;
			buildPhases = (
				B278EE5121458EB3003606F3 /* Sources */,
				B278EE5221458EB3003606F3 /* Frameworks */,
				B278EE5321458EB3003606F3 /* Resources */,
			);
			buildRules = (
			);
			dependencies = (
			);
			name = SKTest;
			productName = SKTest;
			productReference = B278EE5521458EB3003606F3 /* SKTest.app */;
			productType = "com.apple.product-type.application";
		};
/* End PBXNativeTarget section */

/* Begin PBXProject section */
		B278EE4D21458EB3003606F3 /* Project object */ = {
			isa = PBXProject;
			attributes = {
				LastSwiftUpdateCheck = 0940;
				LastUpgradeCheck = 0940;
				ORGANIZATIONNAME = "Mohammad Jeragh";
				TargetAttributes = {
					B278EE5421458EB3003606F3 = {
						CreatedOnToolsVersion = 9.4.1;
					};
				};
			};
			buildConfigurationList = B278EE5021458EB3003606F3 /* Build configuration list for PBXProject "SKTest" */;
			compatibilityVersion = "Xcode 9.3";
			developmentRegion = en;
			hasScannedForEncodings = 0;
			knownRegions = (
				en,
				Base,
			);
			mainGroup = B278EE4C21458EB3003606F3;
			productRefGroup = B278EE5621458EB3003606F3 /* Products */;
			projectDirPath = "";
			projectRoot = "";
			targets = (
				B278EE5421458EB3003606F3 /* SKTest */,
			);
		};
/* End PBXProject section */

/* Begin PBXResourcesBuildPhase section */
		B278EE5321458EB3003606F3 /* Resources */ = {
			isa = PBXResourcesBuildPhase;
			buildActionMask = 2147483647;
			files = (
				B278EE6421458EB3003606F3 /* Main.storyboard in Resources */,
				B278EE5B21458EB3003606F3 /* GameScene.sks in Resources */,
				B278EE6621458EB4003606F3 /* Assets.xcassets in Resources */,
				B278EE6921458EB4003606F3 /* LaunchScreen.storyboard in Resources */,
				B278EE5D21458EB3003606F3 /* Actions.sks in Resources */,
			);
			runOnlyForDeploymentPostprocessing = 0;
		};
/* End PBXResourcesBuildPhase section */

/* Begin PBXSourcesBuildPhase section */
		B278EE5121458EB3003606F3 /* Sources */ = {
			isa = PBXSourcesBuildPhase;
			buildActionMask = 2147483647;
			files = (
				B278EE5F21458EB3003606F3 /* GameScene.swift in Sources */,
				B278EE6121458EB3003606F3 /* GameViewController.swift in Sources */,
				B278EE5921458EB3003606F3 /* AppDelegate.swift in Sources */,
			);
			runOnlyForDeploymentPostprocessing = 0;
		};
/* End PBXSourcesBuildPhase section */

/* Begin PBXVariantGroup section */
		B278EE6221458EB3003606F3 /* Main.storyboard */ = {
			isa = PBXVariantGroup;
			children = (
				B278EE6321458EB3003606F3 /* Base */,
			);
			name = Main.storyboard;
			sourceTree = "<group>";
		};
		B278EE6721458EB4003606F3 /* LaunchScreen.storyboard */ = {
			isa = PBXVariantGroup;
			children = (
				B278EE6821458EB4003606F3 /* Base */,
			);
			name = LaunchScreen.storyboard;
			sourceTree = "<group>";
		};
/* End PBXVariantGroup section */

/* Begin XCBuildConfiguration section */
		B278EE6B21458EB4003606F3 /* Debug */ = {
			isa = XCBuildConfiguration;
			buildSettings = {
				ALWAYS_SEARCH_USER_PATHS = NO;
				CLANG_ANALYZER_NONNULL = YES;
				CLANG_ANALYZER_NUMBER_OBJECT_CONVERSION = YES_AGGRESSIVE;
				CLANG_CXX_LANGUAGE_STANDARD = "gnu++14";
				CLANG_CXX_LIBRARY = "libc++";
				CLANG_ENABLE_MODULES = YES;
				CLANG_ENABLE_OBJC_ARC = YES;
				CLANG_ENABLE_OBJC_WEAK = YES;
				CLANG_WARN_BLOCK_CAPTURE_AUTORELEASING = YES;
				CLANG_WARN_BOOL_CONVERSION = YES;
				CLANG_WARN_COMMA = YES;
				CLANG_WARN_CONSTANT_CONVERSION = YES;
				CLANG_WARN_DEPRECATED_OBJC_IMPLEMENTATIONS = YES;
				CLANG_WARN_DIRECT_OBJC_ISA_USAGE = YES_ERROR;
				CLANG_WARN_DOCUMENTATION_COMMENTS = YES;
				CLANG_WARN_EMPTY_BODY = YES;
				CLANG_WARN_ENUM_CONVERSION = YES;
				CLANG_WARN_INFINITE_RECURSION = YES;
				CLANG_WARN_INT_CONVERSION = YES;
				CLANG_WARN_NON_LITERAL_NULL_CONVERSION = YES;
				CLANG_WARN_OBJC_IMPLICIT_RETAIN_SELF = YES;
				CLANG_WARN_OBJC_LITERAL_CONVERSION = YES;
				CLANG_WARN_OBJC_ROOT_CLASS = YES_ERROR;
				CLANG_WARN_RANGE_LOOP_ANALYSIS = YES;
				CLANG_WARN_STRICT_PROTOTYPES = YES;
				CLANG_WARN_SUSPICIOUS_MOVE = YES;
				CLANG_WARN_UNGUARDED_AVAILABILITY = YES_AGGRESSIVE;
				CLANG_WARN_UNREACHABLE_CODE = YES;
				CLANG_WARN__DUPLICATE_METHOD_MATCH = YES;
				CODE_SIGN_IDENTITY = "iPhone Developer";
				COPY_PHASE_STRIP = NO;
				DEBUG_INFORMATION_FORMAT = dwarf;
				ENABLE_STRICT_OBJC_MSGSEND = YES;
				ENABLE_TESTABILITY = YES;
				GCC_C_LANGUAGE_STANDARD = gnu11;
				GCC_DYNAMIC_NO_PIC = NO;
				GCC_NO_COMMON_BLOCKS = YES;
				GCC_OPTIMIZATION_LEVEL = 0;
				GCC_PREPROCESSOR_DEFINITIONS = (
					"DEBUG=1",
					"$(inherited)",
				);
				GCC_WARN_64_TO_32_BIT_CONVERSION = YES;
				GCC_WARN_ABOUT_RETURN_TYPE = YES_ERROR;
				GCC_WARN_UNDECLARED_SELECTOR = YES;
				GCC_WARN_UNINITIALIZED_AUTOS = YES_AGGRESSIVE;
				GCC_WARN_UNUSED_FUNCTION = YES;
				GCC_WARN_UNUSED_VARIABLE = YES;
				IPHONEOS_DEPLOYMENT_TARGET = 11.4;
				MTL_ENABLE_DEBUG_INFO = YES;
				ONLY_ACTIVE_ARCH = YES;
				SDKROOT = iphoneos;
				SWIFT_ACTIVE_COMPILATION_CONDITIONS = DEBUG;
				SWIFT_OPTIMIZATION_LEVEL = "-Onone";
			};
			name = Debug;
		};
		B278EE6C21458EB4003606F3 /* Release */ = {
			isa = XCBuildConfiguration;
			buildSettings = {
				ALWAYS_SEARCH_USER_PATHS = NO;
				CLANG_ANALYZER_NONNULL = YES;
				CLANG_ANALYZER_NUMBER_OBJECT_CONVERSION = YES_AGGRESSIVE;
				CLANG_CXX_LANGUAGE_STANDARD = "gnu++14";
				CLANG_CXX_LIBRARY = "libc++";
				CLANG_ENABLE_MODULES = YES;
				CLANG_ENABLE_OBJC_ARC = YES;
				CLANG_ENABLE_OBJC_WEAK = YES;
				CLANG_WARN_BLOCK_CAPTURE_AUTORELEASING = YES;
				CLANG_WARN_BOOL_CONVERSION = YES;
				CLANG_WARN_COMMA = YES;
				CLANG_WARN_CONSTANT_CONVERSION = YES;
				CLANG_WARN_DEPRECATED_OBJC_IMPLEMENTATIONS = YES;
				CLANG_WARN_DIRECT_OBJC_ISA_USAGE = YES_ERROR;
				CLANG_WARN_DOCUMENTATION_COMMENTS = YES;
				CLANG_WARN_EMPTY_BODY = YES;
				CLANG_WARN_ENUM_CONVERSION = YES;
				CLANG_WARN_INFINITE_RECURSION = YES;
				CLANG_WARN_INT_CONVERSION = YES;
				CLANG_WARN_NON_LITERAL_NULL_CONVERSION = YES;
				CLANG_WARN_OBJC_IMPLICIT_RETAIN_SELF = YES;
				CLANG_WARN_OBJC_LITERAL_CONVERSION = YES;
				CLANG_WARN_OBJC_ROOT_CLASS = YES_ERROR;
				CLANG_WARN_RANGE_LOOP_ANALYSIS = YES;
				CLANG_WARN_STRICT_PROTOTYPES = YES;
				CLANG_WARN_SUSPICIOUS_MOVE = YES;
				CLANG_WARN_UNGUARDED_AVAILABILITY = YES_AGGRESSIVE;
				CLANG_WARN_UNREACHABLE_CODE = YES;
				CLANG_WARN__DUPLICATE_METHOD_MATCH = YES;
				CODE_SIGN_IDENTITY = "iPhone Developer";
				COPY_PHASE_STRIP = NO;
				DEBUG_INFORMATION_FORMAT = "dwarf-with-dsym";
				ENABLE_NS_ASSERTIONS = NO;
				ENABLE_STRICT_OBJC_MSGSEND = YES;
				GCC_C_LANGUAGE_STANDARD = gnu11;
				GCC_NO_COMMON_BLOCKS = YES;
				GCC_WARN_64_TO_32_BIT_CONVERSION = YES;
				GCC_WARN_ABOUT_RETURN_TYPE = YES_ERROR;
				GCC_WARN_UNDECLARED_SELECTOR = YES;
				GCC_WARN_UNINITIALIZED_AUTOS = YES_AGGRESSIVE;
				GCC_WARN_UNUSED_FUNCTION = YES;
				GCC_WARN_UNUSED_VARIABLE = YES;
				IPHONEOS_DEPLOYMENT_TARGET = 11.4;
				MTL_ENABLE_DEBUG_INFO = NO;
				SDKROOT = iphoneos;
				SWIFT_COMPILATION_MODE = wholemodule;
				SWIFT_OPTIMIZATION_LEVEL = "-O";
				VALIDATE_PRODUCT = YES;
			};
			name = Release;
		};
		B278EE6E21458EB4003606F3 /* Debug */ = {
			isa = XCBuildConfiguration;
			buildSettings = {
				ASSETCATALOG_COMPILER_APPICON_NAME = AppIcon;
				CODE_SIGN_STYLE = Automatic;
				DEVELOPMENT_TEAM = 74MFHC6MWM;
				INFOPLIST_FILE = SKTest/Info.plist;
				LD_RUNPATH_SEARCH_PATHS = (
					"$(inherited)",
					"@executable_path/Frameworks",
				);
				PRODUCT_BUNDLE_IDENTIFIER = lantern.SKTest;
				PRODUCT_NAME = "$(TARGET_NAME)";
				SWIFT_VERSION = 4.0;
				TARGETED_DEVICE_FAMILY = "1,2";
			};
			name = Debug;
		};
		B278EE6F21458EB4003606F3 /* Release */ = {
			isa = XCBuildConfiguration;
			buildSettings = {
				ASSETCATALOG_COMPILER_APPICON_NAME = AppIcon;
				CODE_SIGN_STYLE = Automatic;
				DEVELOPMENT_TEAM = 74MFHC6MWM;
				INFOPLIST_FILE = SKTest/Info.plist;
				LD_RUNPATH_SEARCH_PATHS = (
					"$(inherited)",
					"@executable_path/Frameworks",
				);
				PRODUCT_BUNDLE_IDENTIFIER = lantern.SKTest;
				PRODUCT_NAME = "$(TARGET_NAME)";
				SWIFT_VERSION = 4.0;
				TARGETED_DEVICE_FAMILY = "1,2";
			};
			name = Release;
		};
/* End XCBuildConfiguration section */

/* Begin XCConfigurationList section */
		B278EE5021458EB3003606F3 /* Build configuration list for PBXProject "SKTest" */ = {
			isa = XCConfigurationList;
			buildConfigurations = (
				B278EE6B21458EB4003606F3 /* Debug */,
				B278EE6C21458EB4003606F3 /* Release */,
			);
			defaultConfigurationIsVisible = 0;
			defaultConfigurationName = Release;
		};
		B278EE6D21458EB4003606F3 /* Build configuration list for PBXNativeTarget "SKTest" */ = {
			isa = XCConfigurationList;
			buildConfigurations = (
				B278EE6E21458EB4003606F3 /* Debug */,
				B278EE6F21458EB4003606F3 /* Release */,
			);
			defaultConfigurationIsVisible = 0;
			defaultConfigurationName = Release;
		};
/* End XCConfigurationList section */
	};
	rootObject = B278EE4D21458EB3003606F3 /* Project object */;
}
